
Microsoft Visual Studio Solution File, Format Version 12.00
# Visual Studio 15
VisualStudioVersion = 15.0.27130.2024
MinimumVisualStudioVersion = 10.0.40219.1
Project("{FAE04EC0-301F-11D3-BF4B-00C04F79EFBC}") = "SharpFontCore", "SharpFontCore\SharpFontCore.csproj", "{67FEB83A-C374-4F93-BD0A-78B26BF7B940}"
EndProject
Project("{FAE04EC0-301F-11D3-BF4B-00C04F79EFBC}") = "Example", "Example\Example.csproj", "{8D1E19C0-608D-4A32-80F9-5F90E34618AF}"
EndProject
Global
	GlobalSection(SolutionConfigurationPlatforms) = preSolution
		Debug|Any CPU = Debug|Any CPU
		Release|Any CPU = Release|Any CPU
	EndGlobalSection
	GlobalSection(ProjectConfigurationPlatforms) = postSolution
		{67FEB83A-C374-4F93-BD0A-78B26BF7B940}.Debug|Any CPU.ActiveCfg = Debug|Any CPU
		{67FEB83A-C374-4F93-BD0A-78B26BF7B940}.Debug|Any CPU.Build.0 = Debug|Any CPU
		{67FEB83A-C374-4F93-BD0A-78B26BF7B940}.Release|Any CPU.ActiveCfg = Release|Any CPU
		{67FEB83A-C374-4F93-BD0A-78B26BF7B940}.Release|Any CPU.Build.0 = Release|Any CPU
		{8D1E19C0-608D-4A32-80F9-5F90E34618AF}.Debug|Any CPU.ActiveCfg = Debug|Any CPU
		{8D1E19C0-608D-4A32-80F9-5F90E34618AF}.Debug|Any CPU.Build.0 = Debug|Any CPU
		{8D1E19C0-608D-4A32-80F9-5F90E34618AF}.Release|Any CPU.ActiveCfg = Release|Any CPU
		{8D1E19C0-608D-4A32-80F9-5F90E34618AF}.Release|Any CPU.Build.0 = Release|Any CPU
	EndGlobalSection
	GlobalSection(SolutionProperties) = preSolution
		HideSolutionNode = FALSE
	EndGlobalSection
	GlobalSection(ExtensibilityGlobals) = postSolution
		SolutionGuid = {E5D15828-CDEC-4088-944F-C825DEC1B60E}
	EndGlobalSection
EndGlobal
